
Microsoft Visual Studio Solution File, Format Version 12.00
# Visual Studio Version 16
VisualStudioVersion = 16.0.31129.286
MinimumVisualStudioVersion = 10.0.40219.1
Project("{9A19103F-16F7-4668-BE54-9A1E7A4F7556}") = "Productos", "Productos\Productos.csproj", "{710FD5A8-DA31-4174-A0BF-FAA95584DC0E}"
EndProject
Project("{9A19103F-16F7-4668-BE54-9A1E7A4F7556}") = "Facturas", "Facturar\Facturas.csproj", "{8593694B-243B-4F89-A49C-A4B941187D81}"
EndProject
Project("{9A19103F-16F7-4668-BE54-9A1E7A4F7556}") = "Logistica", "Logistica\Logistica.csproj", "{11793329-5466-4201-97D7-8B2B4B920F0D}"
EndProject
Project("{E53339B2-1760-4266-BCC7-CA923CBCF16C}") = "docker-compose", "docker-compose.dcproj", "{B6621AD3-BEFB-4F0E-BDCB-CF8C242C7FC7}"
EndProject
Global
	GlobalSection(SolutionConfigurationPlatforms) = preSolution
		Debug|Any CPU = Debug|Any CPU
		Release|Any CPU = Release|Any CPU
	EndGlobalSection
	GlobalSection(ProjectConfigurationPlatforms) = postSolution
		{710FD5A8-DA31-4174-A0BF-FAA95584DC0E}.Debug|Any CPU.ActiveCfg = Debug|Any CPU
		{710FD5A8-DA31-4174-A0BF-FAA95584DC0E}.Debug|Any CPU.Build.0 = Debug|Any CPU
		{710FD5A8-DA31-4174-A0BF-FAA95584DC0E}.Release|Any CPU.ActiveCfg = Release|Any CPU
		{710FD5A8-DA31-4174-A0BF-FAA95584DC0E}.Release|Any CPU.Build.0 = Release|Any CPU
		{8593694B-243B-4F89-A49C-A4B941187D81}.Debug|Any CPU.ActiveCfg = Debug|Any CPU
		{8593694B-243B-4F89-A49C-A4B941187D81}.Debug|Any CPU.Build.0 = Debug|Any CPU
		{8593694B-243B-4F89-A49C-A4B941187D81}.Release|Any CPU.ActiveCfg = Release|Any CPU
		{8593694B-243B-4F89-A49C-A4B941187D81}.Release|Any CPU.Build.0 = Release|Any CPU
		{11793329-5466-4201-97D7-8B2B4B920F0D}.Debug|Any CPU.ActiveCfg = Debug|Any CPU
		{11793329-5466-4201-97D7-8B2B4B920F0D}.Debug|Any CPU.Build.0 = Debug|Any CPU
		{11793329-5466-4201-97D7-8B2B4B920F0D}.Release|Any CPU.ActiveCfg = Release|Any CPU
		{11793329-5466-4201-97D7-8B2B4B920F0D}.Release|Any CPU.Build.0 = Release|Any CPU
		{B6621AD3-BEFB-4F0E-BDCB-CF8C242C7FC7}.Debug|Any CPU.ActiveCfg = Debug|Any CPU
		{B6621AD3-BEFB-4F0E-BDCB-CF8C242C7FC7}.Debug|Any CPU.Build.0 = Debug|Any CPU
		{B6621AD3-BEFB-4F0E-BDCB-CF8C242C7FC7}.Release|Any CPU.ActiveCfg = Release|Any CPU
		{B6621AD3-BEFB-4F0E-BDCB-CF8C242C7FC7}.Release|Any CPU.Build.0 = Release|Any CPU
	EndGlobalSection
	GlobalSection(SolutionProperties) = preSolution
		HideSolutionNode = FALSE
	EndGlobalSection
	GlobalSection(ExtensibilityGlobals) = postSolution
		SolutionGuid = {02ACF005-EBD3-4B0A-8B55-33166F2A40A2}
	EndGlobalSection
EndGlobal
